
Microsoft Visual Studio Solution File, Format Version 12.00
# Visual Studio 15
VisualStudioVersion = 15.0.27130.2024
MinimumVisualStudioVersion = 10.0.40219.1
Project("{FAE04EC0-301F-11D3-BF4B-00C04F79EFBC}") = "Assessment", "Assessment\Assessment.csproj", "{72CDBE40-D67F-4DE4-8357-2C429571C0C8}"
EndProject
Project("{FAE04EC0-301F-11D3-BF4B-00C04F79EFBC}") = "AssessmentTests", "AssessmentTests\AssessmentTests.csproj", "{04997E37-1AED-444E-AE7D-51FEC3DAD9CD}"
EndProject
Global
	GlobalSection(SolutionConfigurationPlatforms) = preSolution
		Debug|Any CPU = Debug|Any CPU
		Release|Any CPU = Release|Any CPU
	EndGlobalSection
	GlobalSection(ProjectConfigurationPlatforms) = postSolution
		{72CDBE40-D67F-4DE4-8357-2C429571C0C8}.Debug|Any CPU.ActiveCfg = Debug|Any CPU
		{72CDBE40-D67F-4DE4-8357-2C429571C0C8}.Debug|Any CPU.Build.0 = Debug|Any CPU
		{72CDBE40-D67F-4DE4-8357-2C429571C0C8}.Release|Any CPU.ActiveCfg = Release|Any CPU
		{72CDBE40-D67F-4DE4-8357-2C429571C0C8}.Release|Any CPU.Build.0 = Release|Any CPU
		{04997E37-1AED-444E-AE7D-51FEC3DAD9CD}.Debug|Any CPU.ActiveCfg = Debug|Any CPU
		{04997E37-1AED-444E-AE7D-51FEC3DAD9CD}.Debug|Any CPU.Build.0 = Debug|Any CPU
		{04997E37-1AED-444E-AE7D-51FEC3DAD9CD}.Release|Any CPU.ActiveCfg = Release|Any CPU
		{04997E37-1AED-444E-AE7D-51FEC3DAD9CD}.Release|Any CPU.Build.0 = Release|Any CPU
	EndGlobalSection
	GlobalSection(SolutionProperties) = preSolution
		HideSolutionNode = FALSE
	EndGlobalSection
	GlobalSection(ExtensibilityGlobals) = postSolution
		SolutionGuid = {4CAE04B6-3733-4325-9812-5A842F27FC7C}
	EndGlobalSection
EndGlobal
